
Microsoft Visual Studio Solution File, Format Version 12.00
# Visual Studio 15
VisualStudioVersion = 15.0.27428.2005
MinimumVisualStudioVersion = 10.0.40219.1
Project("{F184B08F-C81C-45F6-A57F-5ABD9991F28F}") = "hello world 1", "hello world 1.vbproj", "{1CE1C7D3-0EBF-4DD3-9DB5-C5053D47734D}"
EndProject
Global
	GlobalSection(SolutionConfigurationPlatforms) = preSolution
		Debug|x86 = Debug|x86
		Release|x86 = Release|x86
	EndGlobalSection
	GlobalSection(ProjectConfigurationPlatforms) = postSolution
		{1CE1C7D3-0EBF-4DD3-9DB5-C5053D47734D}.Debug|x86.ActiveCfg = Debug|x86
		{1CE1C7D3-0EBF-4DD3-9DB5-C5053D47734D}.Debug|x86.Build.0 = Debug|x86
		{1CE1C7D3-0EBF-4DD3-9DB5-C5053D47734D}.Release|x86.ActiveCfg = Release|x86
		{1CE1C7D3-0EBF-4DD3-9DB5-C5053D47734D}.Release|x86.Build.0 = Release|x86
	EndGlobalSection
	GlobalSection(SolutionProperties) = preSolution
		HideSolutionNode = FALSE
	EndGlobalSection
	GlobalSection(ExtensibilityGlobals) = postSolution
		SolutionGuid = {7426C065-25B9-43CE-A8CE-C7FD3FAB726A}
	EndGlobalSection
EndGlobal
